
Microsoft Visual Studio Solution File, Format Version 12.00
# Visual Studio Version 17
VisualStudioVersion = 17.0.31903.59
MinimumVisualStudioVersion = 10.0.40219.1
Project("{9A19103F-16F7-4668-BE54-9A1E7A4F7556}") = "TiendaVerde.API", "TiendaVerde.API\TiendaVerde.API.csproj", "{79FEB29D-0689-44BC-A745-36D669500263}"
EndProject
Project("{9A19103F-16F7-4668-BE54-9A1E7A4F7556}") = "TiendaVerde.Repository", "TiendaVerde.Repository\TiendaVerde.Repository.csproj", "{0C31AAC5-C3E9-40F6-AC03-470D44AC385F}"
EndProject
Project("{FAE04EC0-301F-11D3-BF4B-00C04F79EFBC}") = "TiendaVerde.IdentityServer", "TiendaVerde.IdentityServer\TiendaVerde.IdentityServer.csproj", "{7601A2F1-A6FE-42C0-B6CA-170DC3039277}"
EndProject
Global
	GlobalSection(SolutionConfigurationPlatforms) = preSolution
		Debug|Any CPU = Debug|Any CPU
		Release|Any CPU = Release|Any CPU
	EndGlobalSection
	GlobalSection(ProjectConfigurationPlatforms) = postSolution
		{79FEB29D-0689-44BC-A745-36D669500263}.Debug|Any CPU.ActiveCfg = Debug|Any CPU
		{79FEB29D-0689-44BC-A745-36D669500263}.Debug|Any CPU.Build.0 = Debug|Any CPU
		{79FEB29D-0689-44BC-A745-36D669500263}.Release|Any CPU.ActiveCfg = Release|Any CPU
		{79FEB29D-0689-44BC-A745-36D669500263}.Release|Any CPU.Build.0 = Release|Any CPU
		{0C31AAC5-C3E9-40F6-AC03-470D44AC385F}.Debug|Any CPU.ActiveCfg = Debug|Any CPU
		{0C31AAC5-C3E9-40F6-AC03-470D44AC385F}.Debug|Any CPU.Build.0 = Debug|Any CPU
		{0C31AAC5-C3E9-40F6-AC03-470D44AC385F}.Release|Any CPU.ActiveCfg = Release|Any CPU
		{0C31AAC5-C3E9-40F6-AC03-470D44AC385F}.Release|Any CPU.Build.0 = Release|Any CPU
		{7601A2F1-A6FE-42C0-B6CA-170DC3039277}.Debug|Any CPU.ActiveCfg = Debug|Any CPU
		{7601A2F1-A6FE-42C0-B6CA-170DC3039277}.Debug|Any CPU.Build.0 = Debug|Any CPU
		{7601A2F1-A6FE-42C0-B6CA-170DC3039277}.Release|Any CPU.ActiveCfg = Release|Any CPU
		{7601A2F1-A6FE-42C0-B6CA-170DC3039277}.Release|Any CPU.Build.0 = Release|Any CPU
	EndGlobalSection
	GlobalSection(SolutionProperties) = preSolution
		HideSolutionNode = FALSE
	EndGlobalSection
	GlobalSection(ExtensibilityGlobals) = postSolution
		SolutionGuid = {3766B14A-601A-46FB-8AA6-D3095F37384F}
	EndGlobalSection
EndGlobal
